
Microsoft Visual Studio Solution File, Format Version 12.00
# Visual Studio 14
VisualStudioVersion = 14.0.25420.1
MinimumVisualStudioVersion = 10.0.40219.1
Project("{FAE04EC0-301F-11D3-BF4B-00C04F79EFBC}") = "GUI", "Bachelor\GUI.csproj", "{D7E9AB0D-5058-4A75-AEBE-604293BFE81A}"
EndProject
Project("{FAE04EC0-301F-11D3-BF4B-00C04F79EFBC}") = "GUITest", "BachelorTest\GUITest.csproj", "{07862FCA-2C19-44AB-BD8F-DD3B39A2D437}"
EndProject
Project("{FAE04EC0-301F-11D3-BF4B-00C04F79EFBC}") = "Tool", "Tool\Tool.csproj", "{F4EC9FB8-677D-4097-ADD5-A00C13190112}"
EndProject
Project("{FAE04EC0-301F-11D3-BF4B-00C04F79EFBC}") = "ToolTest", "ToolTest\ToolTest.csproj", "{DAF64963-20E2-44CC-889A-7E2BEF0FF982}"
EndProject
Project("{FAE04EC0-301F-11D3-BF4B-00C04F79EFBC}") = "AI", "AI\AI.csproj", "{80D47F70-4909-499B-9B6A-8651D7D70170}"
EndProject
Project("{FAE04EC0-301F-11D3-BF4B-00C04F79EFBC}") = "AITest", "AITest\AITest.csproj", "{FFF986A7-2B4E-4130-BECE-C1665747371E}"
EndProject
Project("{FAE04EC0-301F-11D3-BF4B-00C04F79EFBC}") = "GameEngine", "GameEngine\GameEngine.csproj", "{D7BECF69-6DF8-4651-9738-FD45C9DB5F4F}"
EndProject
Project("{FAE04EC0-301F-11D3-BF4B-00C04F79EFBC}") = "GameEngineTest", "GameEngineTest\GameEngineTest.csproj", "{E9A5E0BE-0EBE-4A83-AFB6-EE4514C7D75C}"
EndProject
Project("{FAE04EC0-301F-11D3-BF4B-00C04F79EFBC}") = "ToolUI", "ToolUI\ToolUI.csproj", "{2A01AF78-F8F7-4310-AF2A-85F51B5B8133}"
EndProject
Global
	GlobalSection(SolutionConfigurationPlatforms) = preSolution
		Debug|Any CPU = Debug|Any CPU
		Debug|ARM = Debug|ARM
		Debug|x64 = Debug|x64
		Debug|x86 = Debug|x86
		Release|Any CPU = Release|Any CPU
		Release|ARM = Release|ARM
		Release|x64 = Release|x64
		Release|x86 = Release|x86
	EndGlobalSection
	GlobalSection(ProjectConfigurationPlatforms) = postSolution
		{D7E9AB0D-5058-4A75-AEBE-604293BFE81A}.Debug|Any CPU.ActiveCfg = Debug|Any CPU
		{D7E9AB0D-5058-4A75-AEBE-604293BFE81A}.Debug|Any CPU.Build.0 = Debug|Any CPU
		{D7E9AB0D-5058-4A75-AEBE-604293BFE81A}.Debug|ARM.ActiveCfg = Debug|Any CPU
		{D7E9AB0D-5058-4A75-AEBE-604293BFE81A}.Debug|ARM.Build.0 = Debug|Any CPU
		{D7E9AB0D-5058-4A75-AEBE-604293BFE81A}.Debug|x64.ActiveCfg = Debug|Any CPU
		{D7E9AB0D-5058-4A75-AEBE-604293BFE81A}.Debug|x64.Build.0 = Debug|Any CPU
		{D7E9AB0D-5058-4A75-AEBE-604293BFE81A}.Debug|x86.ActiveCfg = Debug|Any CPU
		{D7E9AB0D-5058-4A75-AEBE-604293BFE81A}.Debug|x86.Build.0 = Debug|Any CPU
		{D7E9AB0D-5058-4A75-AEBE-604293BFE81A}.Release|Any CPU.ActiveCfg = Release|Any CPU
		{D7E9AB0D-5058-4A75-AEBE-604293BFE81A}.Release|Any CPU.Build.0 = Release|Any CPU
		{D7E9AB0D-5058-4A75-AEBE-604293BFE81A}.Release|ARM.ActiveCfg = Release|Any CPU
		{D7E9AB0D-5058-4A75-AEBE-604293BFE81A}.Release|ARM.Build.0 = Release|Any CPU
		{D7E9AB0D-5058-4A75-AEBE-604293BFE81A}.Release|x64.ActiveCfg = Release|Any CPU
		{D7E9AB0D-5058-4A75-AEBE-604293BFE81A}.Release|x64.Build.0 = Release|Any CPU
		{D7E9AB0D-5058-4A75-AEBE-604293BFE81A}.Release|x86.ActiveCfg = Release|Any CPU
		{D7E9AB0D-5058-4A75-AEBE-604293BFE81A}.Release|x86.Build.0 = Release|Any CPU
		{07862FCA-2C19-44AB-BD8F-DD3B39A2D437}.Debug|Any CPU.ActiveCfg = Debug|Any CPU
		{07862FCA-2C19-44AB-BD8F-DD3B39A2D437}.Debug|Any CPU.Build.0 = Debug|Any CPU
		{07862FCA-2C19-44AB-BD8F-DD3B39A2D437}.Debug|ARM.ActiveCfg = Debug|Any CPU
		{07862FCA-2C19-44AB-BD8F-DD3B39A2D437}.Debug|ARM.Build.0 = Debug|Any CPU
		{07862FCA-2C19-44AB-BD8F-DD3B39A2D437}.Debug|x64.ActiveCfg = Debug|Any CPU
		{07862FCA-2C19-44AB-BD8F-DD3B39A2D437}.Debug|x64.Build.0 = Debug|Any CPU
		{07862FCA-2C19-44AB-BD8F-DD3B39A2D437}.Debug|x86.ActiveCfg = Debug|Any CPU
		{07862FCA-2C19-44AB-BD8F-DD3B39A2D437}.Debug|x86.Build.0 = Debug|Any CPU
		{07862FCA-2C19-44AB-BD8F-DD3B39A2D437}.Release|Any CPU.ActiveCfg = Release|Any CPU
		{07862FCA-2C19-44AB-BD8F-DD3B39A2D437}.Release|Any CPU.Build.0 = Release|Any CPU
		{07862FCA-2C19-44AB-BD8F-DD3B39A2D437}.Release|ARM.ActiveCfg = Release|Any CPU
		{07862FCA-2C19-44AB-BD8F-DD3B39A2D437}.Release|ARM.Build.0 = Release|Any CPU
		{07862FCA-2C19-44AB-BD8F-DD3B39A2D437}.Release|x64.ActiveCfg = Release|Any CPU
		{07862FCA-2C19-44AB-BD8F-DD3B39A2D437}.Release|x64.Build.0 = Release|Any CPU
		{07862FCA-2C19-44AB-BD8F-DD3B39A2D437}.Release|x86.ActiveCfg = Release|Any CPU
		{07862FCA-2C19-44AB-BD8F-DD3B39A2D437}.Release|x86.Build.0 = Release|Any CPU
		{F4EC9FB8-677D-4097-ADD5-A00C13190112}.Debug|Any CPU.ActiveCfg = Debug|Any CPU
		{F4EC9FB8-677D-4097-ADD5-A00C13190112}.Debug|Any CPU.Build.0 = Debug|Any CPU
		{F4EC9FB8-677D-4097-ADD5-A00C13190112}.Debug|ARM.ActiveCfg = Debug|Any CPU
		{F4EC9FB8-677D-4097-ADD5-A00C13190112}.Debug|ARM.Build.0 = Debug|Any CPU
		{F4EC9FB8-677D-4097-ADD5-A00C13190112}.Debug|x64.ActiveCfg = Debug|Any CPU
		{F4EC9FB8-677D-4097-ADD5-A00C13190112}.Debug|x64.Build.0 = Debug|Any CPU
		{F4EC9FB8-677D-4097-ADD5-A00C13190112}.Debug|x86.ActiveCfg = Debug|Any CPU
		{F4EC9FB8-677D-4097-ADD5-A00C13190112}.Debug|x86.Build.0 = Debug|Any CPU
		{F4EC9FB8-677D-4097-ADD5-A00C13190112}.Release|Any CPU.ActiveCfg = Release|Any CPU
		{F4EC9FB8-677D-4097-ADD5-A00C13190112}.Release|Any CPU.Build.0 = Release|Any CPU
		{F4EC9FB8-677D-4097-ADD5-A00C13190112}.Release|ARM.ActiveCfg = Release|Any CPU
		{F4EC9FB8-677D-4097-ADD5-A00C13190112}.Release|ARM.Build.0 = Release|Any CPU
		{F4EC9FB8-677D-4097-ADD5-A00C13190112}.Release|x64.ActiveCfg = Release|Any CPU
		{F4EC9FB8-677D-4097-ADD5-A00C13190112}.Release|x64.Build.0 = Release|Any CPU
		{F4EC9FB8-677D-4097-ADD5-A00C13190112}.Release|x86.ActiveCfg = Release|Any CPU
		{F4EC9FB8-677D-4097-ADD5-A00C13190112}.Release|x86.Build.0 = Release|Any CPU
		{DAF64963-20E2-44CC-889A-7E2BEF0FF982}.Debug|Any CPU.ActiveCfg = Debug|Any CPU
		{DAF64963-20E2-44CC-889A-7E2BEF0FF982}.Debug|Any CPU.Build.0 = Debug|Any CPU
		{DAF64963-20E2-44CC-889A-7E2BEF0FF982}.Debug|ARM.ActiveCfg = Debug|Any CPU
		{DAF64963-20E2-44CC-889A-7E2BEF0FF982}.Debug|ARM.Build.0 = Debug|Any CPU
		{DAF64963-20E2-44CC-889A-7E2BEF0FF982}.Debug|x64.ActiveCfg = Debug|Any CPU
		{DAF64963-20E2-44CC-889A-7E2BEF0FF982}.Debug|x64.Build.0 = Debug|Any CPU
		{DAF64963-20E2-44CC-889A-7E2BEF0FF982}.Debug|x86.ActiveCfg = Debug|Any CPU
		{DAF64963-20E2-44CC-889A-7E2BEF0FF982}.Debug|x86.Build.0 = Debug|Any CPU
		{DAF64963-20E2-44CC-889A-7E2BEF0FF982}.Release|Any CPU.ActiveCfg = Release|Any CPU
		{DAF64963-20E2-44CC-889A-7E2BEF0FF982}.Release|Any CPU.Build.0 = Release|Any CPU
		{DAF64963-20E2-44CC-889A-7E2BEF0FF982}.Release|ARM.ActiveCfg = Release|Any CPU
		{DAF64963-20E2-44CC-889A-7E2BEF0FF982}.Release|ARM.Build.0 = Release|Any CPU
		{DAF64963-20E2-44CC-889A-7E2BEF0FF982}.Release|x64.ActiveCfg = Release|Any CPU
		{DAF64963-20E2-44CC-889A-7E2BEF0FF982}.Release|x64.Build.0 = Release|Any CPU
		{DAF64963-20E2-44CC-889A-7E2BEF0FF982}.Release|x86.ActiveCfg = Release|Any CPU
		{DAF64963-20E2-44CC-889A-7E2BEF0FF982}.Release|x86.Build.0 = Release|Any CPU
		{80D47F70-4909-499B-9B6A-8651D7D70170}.Debug|Any CPU.ActiveCfg = Debug|Any CPU
		{80D47F70-4909-499B-9B6A-8651D7D70170}.Debug|Any CPU.Build.0 = Debug|Any CPU
		{80D47F70-4909-499B-9B6A-8651D7D70170}.Debug|ARM.ActiveCfg = Debug|Any CPU
		{80D47F70-4909-499B-9B6A-8651D7D70170}.Debug|ARM.Build.0 = Debug|Any CPU
		{80D47F70-4909-499B-9B6A-8651D7D70170}.Debug|x64.ActiveCfg = Debug|Any CPU
		{80D47F70-4909-499B-9B6A-8651D7D70170}.Debug|x64.Build.0 = Debug|Any CPU
		{80D47F70-4909-499B-9B6A-8651D7D70170}.Debug|x86.ActiveCfg = Debug|Any CPU
		{80D47F70-4909-499B-9B6A-8651D7D70170}.Debug|x86.Build.0 = Debug|Any CPU
		{80D47F70-4909-499B-9B6A-8651D7D70170}.Release|Any CPU.ActiveCfg = Release|Any CPU
		{80D47F70-4909-499B-9B6A-8651D7D70170}.Release|Any CPU.Build.0 = Release|Any CPU
		{80D47F70-4909-499B-9B6A-8651D7D70170}.Release|ARM.ActiveCfg = Release|Any CPU
		{80D47F70-4909-499B-9B6A-8651D7D70170}.Release|ARM.Build.0 = Release|Any CPU
		{80D47F70-4909-499B-9B6A-8651D7D70170}.Release|x64.ActiveCfg = Release|Any CPU
		{80D47F70-4909-499B-9B6A-8651D7D70170}.Release|x64.Build.0 = Release|Any CPU
		{80D47F70-4909-499B-9B6A-8651D7D70170}.Release|x86.ActiveCfg = Release|Any CPU
		{80D47F70-4909-499B-9B6A-8651D7D70170}.Release|x86.Build.0 = Release|Any CPU
		{FFF986A7-2B4E-4130-BECE-C1665747371E}.Debug|Any CPU.ActiveCfg = Debug|Any CPU
		{FFF986A7-2B4E-4130-BECE-C1665747371E}.Debug|Any CPU.Build.0 = Debug|Any CPU
		{FFF986A7-2B4E-4130-BECE-C1665747371E}.Debug|ARM.ActiveCfg = Debug|Any CPU
		{FFF986A7-2B4E-4130-BECE-C1665747371E}.Debug|ARM.Build.0 = Debug|Any CPU
		{FFF986A7-2B4E-4130-BECE-C1665747371E}.Debug|x64.ActiveCfg = Debug|Any CPU
		{FFF986A7-2B4E-4130-BECE-C1665747371E}.Debug|x64.Build.0 = Debug|Any CPU
		{FFF986A7-2B4E-4130-BECE-C1665747371E}.Debug|x86.ActiveCfg = Debug|Any CPU
		{FFF986A7-2B4E-4130-BECE-C1665747371E}.Debug|x86.Build.0 = Debug|Any CPU
		{FFF986A7-2B4E-4130-BECE-C1665747371E}.Release|Any CPU.ActiveCfg = Release|Any CPU
		{FFF986A7-2B4E-4130-BECE-C1665747371E}.Release|Any CPU.Build.0 = Release|Any CPU
		{FFF986A7-2B4E-4130-BECE-C1665747371E}.Release|ARM.ActiveCfg = Release|Any CPU
		{FFF986A7-2B4E-4130-BECE-C1665747371E}.Release|ARM.Build.0 = Release|Any CPU
		{FFF986A7-2B4E-4130-BECE-C1665747371E}.Release|x64.ActiveCfg = Release|Any CPU
		{FFF986A7-2B4E-4130-BECE-C1665747371E}.Release|x64.Build.0 = Release|Any CPU
		{FFF986A7-2B4E-4130-BECE-C1665747371E}.Release|x86.ActiveCfg = Release|Any CPU
		{FFF986A7-2B4E-4130-BECE-C1665747371E}.Release|x86.Build.0 = Release|Any CPU
		{D7BECF69-6DF8-4651-9738-FD45C9DB5F4F}.Debug|Any CPU.ActiveCfg = Debug|Any CPU
		{D7BECF69-6DF8-4651-9738-FD45C9DB5F4F}.Debug|Any CPU.Build.0 = Debug|Any CPU
		{D7BECF69-6DF8-4651-9738-FD45C9DB5F4F}.Debug|ARM.ActiveCfg = Debug|Any CPU
		{D7BECF69-6DF8-4651-9738-FD45C9DB5F4F}.Debug|ARM.Build.0 = Debug|Any CPU
		{D7BECF69-6DF8-4651-9738-FD45C9DB5F4F}.Debug|x64.ActiveCfg = Debug|Any CPU
		{D7BECF69-6DF8-4651-9738-FD45C9DB5F4F}.Debug|x64.Build.0 = Debug|Any CPU
		{D7BECF69-6DF8-4651-9738-FD45C9DB5F4F}.Debug|x86.ActiveCfg = Debug|Any CPU
		{D7BECF69-6DF8-4651-9738-FD45C9DB5F4F}.Debug|x86.Build.0 = Debug|Any CPU
		{D7BECF69-6DF8-4651-9738-FD45C9DB5F4F}.Release|Any CPU.ActiveCfg = Release|Any CPU
		{D7BECF69-6DF8-4651-9738-FD45C9DB5F4F}.Release|Any CPU.Build.0 = Release|Any CPU
		{D7BECF69-6DF8-4651-9738-FD45C9DB5F4F}.Release|ARM.ActiveCfg = Release|Any CPU
		{D7BECF69-6DF8-4651-9738-FD45C9DB5F4F}.Release|ARM.Build.0 = Release|Any CPU
		{D7BECF69-6DF8-4651-9738-FD45C9DB5F4F}.Release|x64.ActiveCfg = Release|Any CPU
		{D7BECF69-6DF8-4651-9738-FD45C9DB5F4F}.Release|x64.Build.0 = Release|Any CPU
		{D7BECF69-6DF8-4651-9738-FD45C9DB5F4F}.Release|x86.ActiveCfg = Release|Any CPU
		{D7BECF69-6DF8-4651-9738-FD45C9DB5F4F}.Release|x86.Build.0 = Release|Any CPU
		{E9A5E0BE-0EBE-4A83-AFB6-EE4514C7D75C}.Debug|Any CPU.ActiveCfg = Debug|Any CPU
		{E9A5E0BE-0EBE-4A83-AFB6-EE4514C7D75C}.Debug|Any CPU.Build.0 = Debug|Any CPU
		{E9A5E0BE-0EBE-4A83-AFB6-EE4514C7D75C}.Debug|ARM.ActiveCfg = Debug|Any CPU
		{E9A5E0BE-0EBE-4A83-AFB6-EE4514C7D75C}.Debug|ARM.Build.0 = Debug|Any CPU
		{E9A5E0BE-0EBE-4A83-AFB6-EE4514C7D75C}.Debug|x64.ActiveCfg = Debug|Any CPU
		{E9A5E0BE-0EBE-4A83-AFB6-EE4514C7D75C}.Debug|x64.Build.0 = Debug|Any CPU
		{E9A5E0BE-0EBE-4A83-AFB6-EE4514C7D75C}.Debug|x86.ActiveCfg = Debug|Any CPU
		{E9A5E0BE-0EBE-4A83-AFB6-EE4514C7D75C}.Debug|x86.Build.0 = Debug|Any CPU
		{E9A5E0BE-0EBE-4A83-AFB6-EE4514C7D75C}.Release|Any CPU.ActiveCfg = Release|Any CPU
		{E9A5E0BE-0EBE-4A83-AFB6-EE4514C7D75C}.Release|Any CPU.Build.0 = Release|Any CPU
		{E9A5E0BE-0EBE-4A83-AFB6-EE4514C7D75C}.Release|ARM.ActiveCfg = Release|Any CPU
		{E9A5E0BE-0EBE-4A83-AFB6-EE4514C7D75C}.Release|ARM.Build.0 = Release|Any CPU
		{E9A5E0BE-0EBE-4A83-AFB6-EE4514C7D75C}.Release|x64.ActiveCfg = Release|Any CPU
		{E9A5E0BE-0EBE-4A83-AFB6-EE4514C7D75C}.Release|x64.Build.0 = Release|Any CPU
		{E9A5E0BE-0EBE-4A83-AFB6-EE4514C7D75C}.Release|x86.ActiveCfg = Release|Any CPU
		{E9A5E0BE-0EBE-4A83-AFB6-EE4514C7D75C}.Release|x86.Build.0 = Release|Any CPU
		{2A01AF78-F8F7-4310-AF2A-85F51B5B8133}.Debug|Any CPU.ActiveCfg = Debug|x86
		{2A01AF78-F8F7-4310-AF2A-85F51B5B8133}.Debug|Any CPU.Build.0 = Debug|x86
		{2A01AF78-F8F7-4310-AF2A-85F51B5B8133}.Debug|Any CPU.Deploy.0 = Debug|x86
		{2A01AF78-F8F7-4310-AF2A-85F51B5B8133}.Debug|ARM.ActiveCfg = Debug|ARM
		{2A01AF78-F8F7-4310-AF2A-85F51B5B8133}.Debug|ARM.Build.0 = Debug|ARM
		{2A01AF78-F8F7-4310-AF2A-85F51B5B8133}.Debug|ARM.Deploy.0 = Debug|ARM
		{2A01AF78-F8F7-4310-AF2A-85F51B5B8133}.Debug|x64.ActiveCfg = Debug|x64
		{2A01AF78-F8F7-4310-AF2A-85F51B5B8133}.Debug|x64.Build.0 = Debug|x64
		{2A01AF78-F8F7-4310-AF2A-85F51B5B8133}.Debug|x64.Deploy.0 = Debug|x64
		{2A01AF78-F8F7-4310-AF2A-85F51B5B8133}.Debug|x86.ActiveCfg = Debug|x64
		{2A01AF78-F8F7-4310-AF2A-85F51B5B8133}.Debug|x86.Build.0 = Debug|x64
		{2A01AF78-F8F7-4310-AF2A-85F51B5B8133}.Debug|x86.Deploy.0 = Debug|x64
		{2A01AF78-F8F7-4310-AF2A-85F51B5B8133}.Release|Any CPU.ActiveCfg = Release|x86
		{2A01AF78-F8F7-4310-AF2A-85F51B5B8133}.Release|ARM.ActiveCfg = Release|ARM
		{2A01AF78-F8F7-4310-AF2A-85F51B5B8133}.Release|ARM.Build.0 = Release|ARM
		{2A01AF78-F8F7-4310-AF2A-85F51B5B8133}.Release|ARM.Deploy.0 = Release|ARM
		{2A01AF78-F8F7-4310-AF2A-85F51B5B8133}.Release|x64.ActiveCfg = Release|x64
		{2A01AF78-F8F7-4310-AF2A-85F51B5B8133}.Release|x64.Build.0 = Release|x64
		{2A01AF78-F8F7-4310-AF2A-85F51B5B8133}.Release|x64.Deploy.0 = Release|x64
		{2A01AF78-F8F7-4310-AF2A-85F51B5B8133}.Release|x86.ActiveCfg = Release|x86
		{2A01AF78-F8F7-4310-AF2A-85F51B5B8133}.Release|x86.Build.0 = Release|x86
		{2A01AF78-F8F7-4310-AF2A-85F51B5B8133}.Release|x86.Deploy.0 = Release|x86
	EndGlobalSection
	GlobalSection(SolutionProperties) = preSolution
		HideSolutionNode = FALSE
	EndGlobalSection
EndGlobal
